
Microsoft Visual Studio Solution File, Format Version 12.00
# Visual Studio 15
VisualStudioVersion = 15.0.27428.2037
MinimumVisualStudioVersion = 10.0.40219.1
Project("{FAE04EC0-301F-11D3-BF4B-00C04F79EFBC}") = "AWS.ProjOne", "AWS.ProjOne\AWS.ProjOne.csproj", "{69B50A97-0ACE-4798-B6C5-752501C9BDB3}"
EndProject
Project("{FAE04EC0-301F-11D3-BF4B-00C04F79EFBC}") = "AWS.Projtwo", "AWS.Projtwo\AWS.Projtwo.csproj", "{5AAFBC25-D179-46E0-A6B2-A1A85261EF99}"
EndProject
Project("{FAE04EC0-301F-11D3-BF4B-00C04F79EFBC}") = "AWS.LibOne", "AWS.LibOne\AWS.LibOne.csproj", "{203A78B1-E84A-4A24-AA87-BD5ACD7B945B}"
EndProject
Project("{FAE04EC0-301F-11D3-BF4B-00C04F79EFBC}") = "AWS.LibOneTests", "AWS.LibOneTests\AWS.LibOneTests.csproj", "{BAC3D606-577D-486B-82F3-A774490AA535}"
EndProject
Global
	GlobalSection(SolutionConfigurationPlatforms) = preSolution
		Debug|Any CPU = Debug|Any CPU
		Release|Any CPU = Release|Any CPU
	EndGlobalSection
	GlobalSection(ProjectConfigurationPlatforms) = postSolution
		{69B50A97-0ACE-4798-B6C5-752501C9BDB3}.Debug|Any CPU.ActiveCfg = Debug|Any CPU
		{69B50A97-0ACE-4798-B6C5-752501C9BDB3}.Debug|Any CPU.Build.0 = Debug|Any CPU
		{69B50A97-0ACE-4798-B6C5-752501C9BDB3}.Release|Any CPU.ActiveCfg = Release|Any CPU
		{69B50A97-0ACE-4798-B6C5-752501C9BDB3}.Release|Any CPU.Build.0 = Release|Any CPU
		{5AAFBC25-D179-46E0-A6B2-A1A85261EF99}.Debug|Any CPU.ActiveCfg = Debug|Any CPU
		{5AAFBC25-D179-46E0-A6B2-A1A85261EF99}.Debug|Any CPU.Build.0 = Debug|Any CPU
		{5AAFBC25-D179-46E0-A6B2-A1A85261EF99}.Release|Any CPU.ActiveCfg = Release|Any CPU
		{5AAFBC25-D179-46E0-A6B2-A1A85261EF99}.Release|Any CPU.Build.0 = Release|Any CPU
		{203A78B1-E84A-4A24-AA87-BD5ACD7B945B}.Debug|Any CPU.ActiveCfg = Debug|Any CPU
		{203A78B1-E84A-4A24-AA87-BD5ACD7B945B}.Debug|Any CPU.Build.0 = Debug|Any CPU
		{203A78B1-E84A-4A24-AA87-BD5ACD7B945B}.Release|Any CPU.ActiveCfg = Release|Any CPU
		{203A78B1-E84A-4A24-AA87-BD5ACD7B945B}.Release|Any CPU.Build.0 = Release|Any CPU
		{BAC3D606-577D-486B-82F3-A774490AA535}.Debug|Any CPU.ActiveCfg = Debug|Any CPU
		{BAC3D606-577D-486B-82F3-A774490AA535}.Debug|Any CPU.Build.0 = Debug|Any CPU
		{BAC3D606-577D-486B-82F3-A774490AA535}.Release|Any CPU.ActiveCfg = Release|Any CPU
		{BAC3D606-577D-486B-82F3-A774490AA535}.Release|Any CPU.Build.0 = Release|Any CPU
	EndGlobalSection
	GlobalSection(SolutionProperties) = preSolution
		HideSolutionNode = FALSE
	EndGlobalSection
	GlobalSection(ExtensibilityGlobals) = postSolution
		SolutionGuid = {7EE31E09-C44A-4AF3-999B-34787931BFEB}
	EndGlobalSection
EndGlobal
